github.com/relax-space/go-a11 v1.0.2 h1:J0At0jgwV55FH6Bgy9zXeHsZhEmR247nodwi8TvMVPQ=
github.com/relax-space/go-a11 v1.0.2/go.mod h1:SWcZ0B6XLT/7nVMWM2AZaLcbzFP2Mk75D0Do5jf2ma0=
github.com/relax-space/go-b11 v1.0.0 h1:If1CMXlmLdFbFrEK7Q2OkTNSipNgUfVJmSzliqWvhxs=
github.com/relax-space/go-b11 v1.0.0/go.mod h1:5cWD6aSBZvp2xhbYmw4JjC5Cw+DWXjo77KqMN8LFERQ=
